// !$*UTF8*$!
{
	archiveVersion = 1;
	classes = {
	};
	objectVersion = 56;
	objects = {

/* Begin PBXBuildFile section */
		C4A32C1A2A892C4700A4C153 /* DogBreedView.swift in Sources */ = {isa = PBXBuildFile; fileRef = C4A32C192A892C4700A4C153 /* DogBreedView.swift */; };
		C4A450C62A87AA6800D92025 /* DogRandomView.swift in Sources */ = {isa = PBXBuildFile; fileRef = C4A450C52A87AA6800D92025 /* DogRandomView.swift */; };
		C4A450C82A87B62400D92025 /* DogAllView.swift in Sources */ = {isa = PBXBuildFile; fileRef = C4A450C72A87B62400D92025 /* DogAllView.swift */; };
		C4A592F72A8677CD00E732D9 /* DogViewerApp.swift in Sources */ = {isa = PBXBuildFile; fileRef = C4A592F62A8677CD00E732D9 /* DogViewerApp.swift */; };
		C4A592F92A8677CD00E732D9 /* DogMainView.swift in Sources */ = {isa = PBXBuildFile; fileRef = C4A592F82A8677CD00E732D9 /* DogMainView.swift */; };
		C4A592FB2A8677D100E732D9 /* Assets.xcassets in Resources */ = {isa = PBXBuildFile; fileRef = C4A592FA2A8677D100E732D9 /* Assets.xcassets */; };
		C4A592FE2A8677D100E732D9 /* Preview Assets.xcassets in Resources */ = {isa = PBXBuildFile; fileRef = C4A592FD2A8677D100E732D9 /* Preview Assets.xcassets */; };
		C4A593052A8678E300E732D9 /* DogVM.swift in Sources */ = {isa = PBXBuildFile; fileRef = C4A593042A8678E300E732D9 /* DogVM.swift */; };
		C4BB28232A97C9C8009B3DB0 /* Model.swift in Sources */ = {isa = PBXBuildFile; fileRef = C4BB28222A97C9C8009B3DB0 /* Model.swift */; };
/* End PBXBuildFile section */

/* Begin PBXFileReference section */
		C4A32C192A892C4700A4C153 /* DogBreedView.swift */ = {isa = PBXFileReference; lastKnownFileType = sourcecode.swift; path = DogBreedView.swift; sourceTree = "<group>"; };
		C4A450C52A87AA6800D92025 /* DogRandomView.swift */ = {isa = PBXFileReference; lastKnownFileType = sourcecode.swift; path = DogRandomView.swift; sourceTree = "<group>"; };
		C4A450C72A87B62400D92025 /* DogAllView.swift */ = {isa = PBXFileReference; lastKnownFileType = sourcecode.swift; path = DogAllView.swift; sourceTree = "<group>"; };
		C4A592F32A8677CD00E732D9 /* DogViewer.app */ = {isa = PBXFileReference; explicitFileType = wrapper.application; includeInIndex = 0; path = DogViewer.app; sourceTree = BUILT_PRODUCTS_DIR; };
		C4A592F62A8677CD00E732D9 /* DogViewerApp.swift */ = {isa = PBXFileReference; lastKnownFileType = sourcecode.swift; path = DogViewerApp.swift; sourceTree = "<group>"; };
		C4A592F82A8677CD00E732D9 /* DogMainView.swift */ = {isa = PBXFileReference; lastKnownFileType = sourcecode.swift; path = DogMainView.swift; sourceTree = "<group>"; };
		C4A592FA2A8677D100E732D9 /* Assets.xcassets */ = {isa = PBXFileReference; lastKnownFileType = folder.assetcatalog; path = Assets.xcassets; sourceTree = "<group>"; };
		C4A592FD2A8677D100E732D9 /* Preview Assets.xcassets */ = {isa = PBXFileReference; lastKnownFileType = folder.assetcatalog; path = "Preview Assets.xcassets"; sourceTree = "<group>"; };
		C4A593042A8678E300E732D9 /* DogVM.swift */ = {isa = PBXFileReference; lastKnownFileType = sourcecode.swift; path = DogVM.swift; sourceTree = "<group>"; };
		C4BB28222A97C9C8009B3DB0 /* Model.swift */ = {isa = PBXFileReference; lastKnownFileType = sourcecode.swift; path = Model.swift; sourceTree = "<group>"; };
/* End PBXFileReference section */

/* Begin PBXFrameworksBuildPhase section */
		C4A592F02A8677CD00E732D9 /* Frameworks */ = {
			isa = PBXFrameworksBuildPhase;
			buildActionMask = 2147483647;
			files = (
			);
			runOnlyForDeploymentPostprocessing = 0;
		};
/* End PBXFrameworksBuildPhase section */

/* Begin PBXGroup section */
		C4A450C42A87A9FA00D92025 /* View */ = {
			isa = PBXGroup;
			children = (
				C4A592F82A8677CD00E732D9 /* DogMainView.swift */,
				C4A450C52A87AA6800D92025 /* DogRandomView.swift */,
				C4A32C192A892C4700A4C153 /* DogBreedView.swift */,
				C4A450C72A87B62400D92025 /* DogAllView.swift */,
			);
			path = View;
			sourceTree = "<group>";
		};
		C4A592EA2A8677CD00E732D9 = {
			isa = PBXGroup;
			children = (
				C4A592F52A8677CD00E732D9 /* DogViewer */,
				C4A592F42A8677CD00E732D9 /* Products */,
			);
			sourceTree = "<group>";
		};
		C4A592F42A8677CD00E732D9 /* Products */ = {
			isa = PBXGroup;
			children = (
				C4A592F32A8677CD00E732D9 /* DogViewer.app */,
			);
			name = Products;
			sourceTree = "<group>";
		};
		C4A592F52A8677CD00E732D9 /* DogViewer */ = {
			isa = PBXGroup;
			children = (
				C4A592F62A8677CD00E732D9 /* DogViewerApp.swift */,
				C4BB28212A97C9B2009B3DB0 /* Model */,
				C4A450C42A87A9FA00D92025 /* View */,
				C4AFDEEB2A9705BD000D125F /* ViewModel */,
				C4A592FA2A8677D100E732D9 /* Assets.xcassets */,
				C4A592FC2A8677D100E732D9 /* Preview Content */,
			);
			path = DogViewer;
			sourceTree = "<group>";
		};
		C4A592FC2A8677D100E732D9 /* Preview Content */ = {
			isa = PBXGroup;
			children = (
				C4A592FD2A8677D100E732D9 /* Preview Assets.xcassets */,
			);
			path = "Preview Content";
			sourceTree = "<group>";
		};
		C4AFDEEB2A9705BD000D125F /* ViewModel */ = {
			isa = PBXGroup;
			children = (
				C4A593042A8678E300E732D9 /* DogVM.swift */,
			);
			path = ViewModel;
			sourceTree = "<group>";
		};
		C4BB28212A97C9B2009B3DB0 /* Model */ = {
			isa = PBXGroup;
			children = (
				C4BB28222A97C9C8009B3DB0 /* Model.swift */,
			);
			path = Model;
			sourceTree = "<group>";
		};
/* End PBXGroup section */

/* Begin PBXNativeTarget section */
		C4A592F22A8677CD00E732D9 /* DogViewer */ = {
			isa = PBXNativeTarget;
			buildConfigurationList = C4A593012A8677D100E732D9 /* Build configuration list for PBXNativeTarget "DogViewer" */;
			buildPhases = (
				C4A592EF2A8677CD00E732D9 /* Sources */,
				C4A592F02A8677CD00E732D9 /* Frameworks */,
				C4A592F12A8677CD00E732D9 /* Resources */,
			);
			buildRules = (
			);
			dependencies = (
			);
			name = DogViewer;
			productName = DogViewer;
			productReference = C4A592F32A8677CD00E732D9 /* DogViewer.app */;
			productType = "com.apple.product-type.application";
		};
/* End PBXNativeTarget section */

/* Begin PBXProject section */
		C4A592EB2A8677CD00E732D9 /* Project object */ = {
			isa = PBXProject;
			attributes = {
				BuildIndependentTargetsInParallel = 1;
				LastSwiftUpdateCheck = 1430;
				LastUpgradeCheck = 1430;
				TargetAttributes = {
					C4A592F22A8677CD00E732D9 = {
						CreatedOnToolsVersion = 14.3.1;
					};
				};
			};
			buildConfigurationList = C4A592EE2A8677CD00E732D9 /* Build configuration list for PBXProject "DogViewer" */;
			compatibilityVersion = "Xcode 14.0";
			developmentRegion = en;
			hasScannedForEncodings = 0;
			knownRegions = (
				en,
				Base,
			);
			mainGroup = C4A592EA2A8677CD00E732D9;
			productRefGroup = C4A592F42A8677CD00E732D9 /* Products */;
			projectDirPath = "";
			projectRoot = "";
			targets = (
				C4A592F22A8677CD00E732D9 /* DogViewer */,
			);
		};
/* End PBXProject section */

/* Begin PBXResourcesBuildPhase section */
		C4A592F12A8677CD00E732D9 /* Resources */ = {
			isa = PBXResourcesBuildPhase;
			buildActionMask = 2147483647;
			files = (
				C4A592FE2A8677D100E732D9 /* Preview Assets.xcassets in Resources */,
				C4A592FB2A8677D100E732D9 /* Assets.xcassets in Resources */,
			);
			runOnlyForDeploymentPostprocessing = 0;
		};
/* End PBXResourcesBuildPhase section */

/* Begin PBXSourcesBuildPhase section */
		C4A592EF2A8677CD00E732D9 /* Sources */ = {
			isa = PBXSourcesBuildPhase;
			buildActionMask = 2147483647;
			files = (
				C4BB28232A97C9C8009B3DB0 /* Model.swift in Sources */,
				C4A450C62A87AA6800D92025 /* DogRandomView.swift in Sources */,
				C4A450C82A87B62400D92025 /* DogAllView.swift in Sources */,
				C4A32C1A2A892C4700A4C153 /* DogBreedView.swift in Sources */,
				C4A593052A8678E300E732D9 /* DogVM.swift in Sources */,
				C4A592F92A8677CD00E732D9 /* DogMainView.swift in Sources */,
				C4A592F72A8677CD00E732D9 /* DogViewerApp.swift in Sources */,
			);
			runOnlyForDeploymentPostprocessing = 0;
		};
/* End PBXSourcesBuildPhase section */

/* Begin XCBuildConfiguration section */
		C4A592FF2A8677D100E732D9 /* Debug */ = {
			isa = XCBuildConfiguration;
			buildSettings = {
				ALWAYS_SEARCH_USER_PATHS = NO;
				CLANG_ANALYZER_NONNULL = YES;
				CLANG_ANALYZER_NUMBER_OBJECT_CONVERSION = YES_AGGRESSIVE;
				CLANG_CXX_LANGUAGE_STANDARD = "gnu++20";
				CLANG_ENABLE_MODULES = YES;
				CLANG_ENABLE_OBJC_ARC = YES;
				CLANG_ENABLE_OBJC_WEAK = YES;
				CLANG_WARN_BLOCK_CAPTURE_AUTORELEASING = YES;
				CLANG_WARN_BOOL_CONVERSION = YES;
				CLANG_WARN_COMMA = YES;
				CLANG_WARN_CONSTANT_CONVERSION = YES;
				CLANG_WARN_DEPRECATED_OBJC_IMPLEMENTATIONS = YES;
				CLANG_WARN_DIRECT_OBJC_ISA_USAGE = YES_ERROR;
				CLANG_WARN_DOCUMENTATION_COMMENTS = YES;
				CLANG_WARN_EMPTY_BODY = YES;
				CLANG_WARN_ENUM_CONVERSION = YES;
				CLANG_WARN_INFINITE_RECURSION = YES;
				CLANG_WARN_INT_CONVERSION = YES;
				CLANG_WARN_NON_LITERAL_NULL_CONVERSION = YES;
				CLANG_WARN_OBJC_IMPLICIT_RETAIN_SELF = YES;
				CLANG_WARN_OBJC_LITERAL_CONVERSION = YES;
				CLANG_WARN_OBJC_ROOT_CLASS = YES_ERROR;
				CLANG_WARN_QUOTED_INCLUDE_IN_FRAMEWORK_HEADER = YES;
				CLANG_WARN_RANGE_LOOP_ANALYSIS = YES;
				CLANG_WARN_STRICT_PROTOTYPES = YES;
				CLANG_WARN_SUSPICIOUS_MOVE = YES;
				CLANG_WARN_UNGUARDED_AVAILABILITY = YES_AGGRESSIVE;
				CLANG_WARN_UNREACHABLE_CODE = YES;
				CLANG_WARN__DUPLICATE_METHOD_MATCH = YES;
				COPY_PHASE_STRIP = NO;
				DEBUG_INFORMATION_FORMAT = dwarf;
				ENABLE_STRICT_OBJC_MSGSEND = YES;
				ENABLE_TESTABILITY = YES;
				GCC_C_LANGUAGE_STANDARD = gnu11;
				GCC_DYNAMIC_NO_PIC = NO;
				GCC_NO_COMMON_BLOCKS = YES;
				GCC_OPTIMIZATION_LEVEL = 0;
				GCC_PREPROCESSOR_DEFINITIONS = (
					"DEBUG=1",
					"$(inherited)",
				);
				GCC_WARN_64_TO_32_BIT_CONVERSION = YES;
				GCC_WARN_ABOUT_RETURN_TYPE = YES_ERROR;
				GCC_WARN_UNDECLARED_SELECTOR = YES;
				GCC_WARN_UNINITIALIZED_AUTOS = YES_AGGRESSIVE;
				GCC_WARN_UNUSED_FUNCTION = YES;
				GCC_WARN_UNUSED_VARIABLE = YES;
				IPHONEOS_DEPLOYMENT_TARGET = 16.4;
				MTL_ENABLE_DEBUG_INFO = INCLUDE_SOURCE;
				MTL_FAST_MATH = YES;
				ONLY_ACTIVE_ARCH = YES;
				SDKROOT = iphoneos;
				SWIFT_ACTIVE_COMPILATION_CONDITIONS = DEBUG;
				SWIFT_OPTIMIZATION_LEVEL = "-Onone";
			};
			name = Debug;
		};
		C4A593002A8677D100E732D9 /* Release */ = {
			isa = XCBuildConfiguration;
			buildSettings = {
				ALWAYS_SEARCH_USER_PATHS = NO;
				CLANG_ANALYZER_NONNULL = YES;
				CLANG_ANALYZER_NUMBER_OBJECT_CONVERSION = YES_AGGRESSIVE;
				CLANG_CXX_LANGUAGE_STANDARD = "gnu++20";
				CLANG_ENABLE_MODULES = YES;
				CLANG_ENABLE_OBJC_ARC = YES;
				CLANG_ENABLE_OBJC_WEAK = YES;
				CLANG_WARN_BLOCK_CAPTURE_AUTORELEASING = YES;
				CLANG_WARN_BOOL_CONVERSION = YES;
				CLANG_WARN_COMMA = YES;
				CLANG_WARN_CONSTANT_CONVERSION = YES;
				CLANG_WARN_DEPRECATED_OBJC_IMPLEMENTATIONS = YES;
				CLANG_WARN_DIRECT_OBJC_ISA_USAGE = YES_ERROR;
				CLANG_WARN_DOCUMENTATION_COMMENTS = YES;
				CLANG_WARN_EMPTY_BODY = YES;
				CLANG_WARN_ENUM_CONVERSION = YES;
				CLANG_WARN_INFINITE_RECURSION = YES;
				CLANG_WARN_INT_CONVERSION = YES;
				CLANG_WARN_NON_LITERAL_NULL_CONVERSION = YES;
				CLANG_WARN_OBJC_IMPLICIT_RETAIN_SELF = YES;
				CLANG_WARN_OBJC_LITERAL_CONVERSION = YES;
				CLANG_WARN_OBJC_ROOT_CLASS = YES_ERROR;
				CLANG_WARN_QUOTED_INCLUDE_IN_FRAMEWORK_HEADER = YES;
				CLANG_WARN_RANGE_LOOP_ANALYSIS = YES;
				CLANG_WARN_STRICT_PROTOTYPES = YES;
				CLANG_WARN_SUSPICIOUS_MOVE = YES;
				CLANG_WARN_UNGUARDED_AVAILABILITY = YES_AGGRESSIVE;
				CLANG_WARN_UNREACHABLE_CODE = YES;
				CLANG_WARN__DUPLICATE_METHOD_MATCH = YES;
				COPY_PHASE_STRIP = NO;
				DEBUG_INFORMATION_FORMAT = "dwarf-with-dsym";
				ENABLE_NS_ASSERTIONS = NO;
				ENABLE_STRICT_OBJC_MSGSEND = YES;
				GCC_C_LANGUAGE_STANDARD = gnu11;
				GCC_NO_COMMON_BLOCKS = YES;
				GCC_WARN_64_TO_32_BIT_CONVERSION = YES;
				GCC_WARN_ABOUT_RETURN_TYPE = YES_ERROR;
				GCC_WARN_UNDECLARED_SELECTOR = YES;
				GCC_WARN_UNINITIALIZED_AUTOS = YES_AGGRESSIVE;
				GCC_WARN_UNUSED_FUNCTION = YES;
				GCC_WARN_UNUSED_VARIABLE = YES;
				IPHONEOS_DEPLOYMENT_TARGET = 16.4;
				MTL_ENABLE_DEBUG_INFO = NO;
				MTL_FAST_MATH = YES;
				SDKROOT = iphoneos;
				SWIFT_COMPILATION_MODE = wholemodule;
				SWIFT_OPTIMIZATION_LEVEL = "-O";
				VALIDATE_PRODUCT = YES;
			};
			name = Release;
		};
		C4A593022A8677D100E732D9 /* Debug */ = {
			isa = XCBuildConfiguration;
			buildSettings = {
				ASSETCATALOG_COMPILER_APPICON_NAME = AppIcon;
				ASSETCATALOG_COMPILER_GLOBAL_ACCENT_COLOR_NAME = AccentColor;
				CODE_SIGN_STYLE = Automatic;
				CURRENT_PROJECT_VERSION = 1;
				DEVELOPMENT_ASSET_PATHS = "\"DogViewer/Preview Content\"";
				DEVELOPMENT_TEAM = 98KJ8KHPB4;
				ENABLE_PREVIEWS = YES;
				GENERATE_INFOPLIST_FILE = YES;
				INFOPLIST_KEY_UIApplicationSceneManifest_Generation = YES;
				INFOPLIST_KEY_UIApplicationSupportsIndirectInputEvents = YES;
				INFOPLIST_KEY_UILaunchScreen_Generation = YES;
				INFOPLIST_KEY_UISupportedInterfaceOrientations_iPad = "UIInterfaceOrientationPortrait UIInterfaceOrientationPortraitUpsideDown UIInterfaceOrientationLandscapeLeft UIInterfaceOrientationLandscapeRight";
				INFOPLIST_KEY_UISupportedInterfaceOrientations_iPhone = "UIInterfaceOrientationPortrait UIInterfaceOrientationLandscapeLeft UIInterfaceOrientationLandscapeRight";
				LD_RUNPATH_SEARCH_PATHS = (
					"$(inherited)",
					"@executable_path/Frameworks",
				);
				MARKETING_VERSION = 1.0;
				PRODUCT_BUNDLE_IDENTIFIER = swift.swiftUI.halder.manajit.DogViewer;
				PRODUCT_NAME = "$(TARGET_NAME)";
				SWIFT_EMIT_LOC_STRINGS = YES;
				SWIFT_VERSION = 5.0;
				TARGETED_DEVICE_FAMILY = "1,2";
			};
			name = Debug;
		};
		C4A593032A8677D100E732D9 /* Release */ = {
			isa = XCBuildConfiguration;
			buildSettings = {
				ASSETCATALOG_COMPILER_APPICON_NAME = AppIcon;
				ASSETCATALOG_COMPILER_GLOBAL_ACCENT_COLOR_NAME = AccentColor;
				CODE_SIGN_STYLE = Automatic;
				CURRENT_PROJECT_VERSION = 1;
				DEVELOPMENT_ASSET_PATHS = "\"DogViewer/Preview Content\"";
				DEVELOPMENT_TEAM = 98KJ8KHPB4;
				ENABLE_PREVIEWS = YES;
				GENERATE_INFOPLIST_FILE = YES;
				INFOPLIST_KEY_UIApplicationSceneManifest_Generation = YES;
				INFOPLIST_KEY_UIApplicationSupportsIndirectInputEvents = YES;
				INFOPLIST_KEY_UILaunchScreen_Generation = YES;
				INFOPLIST_KEY_UISupportedInterfaceOrientations_iPad = "UIInterfaceOrientationPortrait UIInterfaceOrientationPortraitUpsideDown UIInterfaceOrientationLandscapeLeft UIInterfaceOrientationLandscapeRight";
				INFOPLIST_KEY_UISupportedInterfaceOrientations_iPhone = "UIInterfaceOrientationPortrait UIInterfaceOrientationLandscapeLeft UIInterfaceOrientationLandscapeRight";
				LD_RUNPATH_SEARCH_PATHS = (
					"$(inherited)",
					"@executable_path/Frameworks",
				);
				MARKETING_VERSION = 1.0;
				PRODUCT_BUNDLE_IDENTIFIER = swift.swiftUI.halder.manajit.DogViewer;
				PRODUCT_NAME = "$(TARGET_NAME)";
				SWIFT_EMIT_LOC_STRINGS = YES;
				SWIFT_VERSION = 5.0;
				TARGETED_DEVICE_FAMILY = "1,2";
			};
			name = Release;
		};
/* End XCBuildConfiguration section */

/* Begin XCConfigurationList section */
		C4A592EE2A8677CD00E732D9 /* Build configuration list for PBXProject "DogViewer" */ = {
			isa = XCConfigurationList;
			buildConfigurations = (
				C4A592FF2A8677D100E732D9 /* Debug */,
				C4A593002A8677D100E732D9 /* Release */,
			);
			defaultConfigurationIsVisible = 0;
			defaultConfigurationName = Release;
		};
		C4A593012A8677D100E732D9 /* Build configuration list for PBXNativeTarget "DogViewer" */ = {
			isa = XCConfigurationList;
			buildConfigurations = (
				C4A593022A8677D100E732D9 /* Debug */,
				C4A593032A8677D100E732D9 /* Release */,
			);
			defaultConfigurationIsVisible = 0;
			defaultConfigurationName = Release;
		};
/* End XCConfigurationList section */
	};
	rootObject = C4A592EB2A8677CD00E732D9 /* Project object */;
}
